// !$*UTF8*$!
{
	archiveVersion = 1;
	classes = {
	};
	objectVersion = 56;
	objects = {

/* Begin PBXBuildFile section */
		920A3EEC2A1F6E0E00EC6FC9 /* Timer.swift in Sources */ = {isa = PBXBuildFile; fileRef = 920A3EEB2A1F6E0E00EC6FC9 /* Timer.swift */; };
		920A3EF12A1F7C2300EC6FC9 /* WorkoutResultsView.swift in Sources */ = {isa = PBXBuildFile; fileRef = 920A3EF02A1F7C2300EC6FC9 /* WorkoutResultsView.swift */; };
		920A3EF62A20B14100EC6FC9 /* PagerTabStripView in Frameworks */ = {isa = PBXBuildFile; productRef = 920A3EF52A20B14100EC6FC9 /* PagerTabStripView */; };
		9215905F2A2A10BF001254BC /* InstructionsView.swift in Sources */ = {isa = PBXBuildFile; fileRef = 9215905E2A2A10BF001254BC /* InstructionsView.swift */; };
		924D6E222A264B3600227183 /* JsonWriter.swift in Sources */ = {isa = PBXBuildFile; fileRef = 924D6E212A264B3600227183 /* JsonWriter.swift */; };
		924D6E252A289ED700227183 /* AboutView.swift in Sources */ = {isa = PBXBuildFile; fileRef = 924D6E242A289ED700227183 /* AboutView.swift */; };
		924D6E282A29F90400227183 /* VolumeChangeView.swift in Sources */ = {isa = PBXBuildFile; fileRef = 924D6E272A29F90400227183 /* VolumeChangeView.swift */; };
		927261A42A24EF0B00C3B390 /* HistoryView.swift in Sources */ = {isa = PBXBuildFile; fileRef = 927261A32A24EF0B00C3B390 /* HistoryView.swift */; };
		92C702F92A1BC705002ECC0B /* QuickPoseBasicView.swift in Sources */ = {isa = PBXBuildFile; fileRef = 92C702F82A1BC705002ECC0B /* QuickPoseBasicView.swift */; };
		92CACFD12A1B7DD100DA2B40 /* FitCountApp.swift in Sources */ = {isa = PBXBuildFile; fileRef = 92CACFD02A1B7DD100DA2B40 /* FitCountApp.swift */; };
		92CACFD32A1B7DD100DA2B40 /* ContentView.swift in Sources */ = {isa = PBXBuildFile; fileRef = 92CACFD22A1B7DD100DA2B40 /* ContentView.swift */; };
		92CACFD52A1B7DD100DA2B40 /* Assets.xcassets in Resources */ = {isa = PBXBuildFile; fileRef = 92CACFD42A1B7DD100DA2B40 /* Assets.xcassets */; };
		92CACFFB2A1B8F9D00DA2B40 /* ExerciseDetailsView.swift in Sources */ = {isa = PBXBuildFile; fileRef = 92CACFFA2A1B8F9D00DA2B40 /* ExerciseDetailsView.swift */; };
		92CACFFD2A1B99A500DA2B40 /* WorkoutView.swift in Sources */ = {isa = PBXBuildFile; fileRef = 92CACFFC2A1B99A500DA2B40 /* WorkoutView.swift */; };
		92F2D1FB2A1D0C8400EC1B81 /* Text2Speech.swift in Sources */ = {isa = PBXBuildFile; fileRef = 92F2D1FA2A1D0C8400EC1B81 /* Text2Speech.swift */; };
		D06C7CD82A373D18001B4508 /* QuickPoseCamera in Frameworks */ = {isa = PBXBuildFile; productRef = D06C7CD72A373D18001B4508 /* QuickPoseCamera */; };
		D06C7CDA2A373D18001B4508 /* QuickPoseCore in Frameworks */ = {isa = PBXBuildFile; productRef = D06C7CD92A373D18001B4508 /* QuickPoseCore */; };
		D06C7CDC2A373D18001B4508 /* QuickPoseMP in Frameworks */ = {isa = PBXBuildFile; productRef = D06C7CDB2A373D18001B4508 /* QuickPoseMP */; };
		D06C7CDE2A373D18001B4508 /* QuickPoseSwiftUI in Frameworks */ = {isa = PBXBuildFile; productRef = D06C7CDD2A373D18001B4508 /* QuickPoseSwiftUI */; };
/* End PBXBuildFile section */

/* Begin PBXFileReference section */
		920A3EEB2A1F6E0E00EC6FC9 /* Timer.swift */ = {isa = PBXFileReference; lastKnownFileType = sourcecode.swift; path = Timer.swift; sourceTree = "<group>"; };
		920A3EF02A1F7C2300EC6FC9 /* WorkoutResultsView.swift */ = {isa = PBXFileReference; lastKnownFileType = sourcecode.swift; path = WorkoutResultsView.swift; sourceTree = "<group>"; };
		9215905E2A2A10BF001254BC /* InstructionsView.swift */ = {isa = PBXFileReference; lastKnownFileType = sourcecode.swift; path = InstructionsView.swift; sourceTree = "<group>"; };
		924D6E212A264B3600227183 /* JsonWriter.swift */ = {isa = PBXFileReference; lastKnownFileType = sourcecode.swift; path = JsonWriter.swift; sourceTree = "<group>"; };
		924D6E242A289ED700227183 /* AboutView.swift */ = {isa = PBXFileReference; lastKnownFileType = sourcecode.swift; path = AboutView.swift; sourceTree = "<group>"; };
		924D6E272A29F90400227183 /* VolumeChangeView.swift */ = {isa = PBXFileReference; lastKnownFileType = sourcecode.swift; path = VolumeChangeView.swift; sourceTree = "<group>"; };
		927261A32A24EF0B00C3B390 /* HistoryView.swift */ = {isa = PBXFileReference; lastKnownFileType = sourcecode.swift; path = HistoryView.swift; sourceTree = "<group>"; };
		92C702F82A1BC705002ECC0B /* QuickPoseBasicView.swift */ = {isa = PBXFileReference; lastKnownFileType = sourcecode.swift; path = QuickPoseBasicView.swift; sourceTree = "<group>"; };
		92CACFCD2A1B7DD100DA2B40 /* FitCounter.app */ = {isa = PBXFileReference; explicitFileType = wrapper.application; includeInIndex = 0; path = FitCounter.app; sourceTree = BUILT_PRODUCTS_DIR; };
		92CACFD02A1B7DD100DA2B40 /* FitCountApp.swift */ = {isa = PBXFileReference; lastKnownFileType = sourcecode.swift; path = FitCountApp.swift; sourceTree = "<group>"; };
		92CACFD22A1B7DD100DA2B40 /* ContentView.swift */ = {isa = PBXFileReference; lastKnownFileType = sourcecode.swift; path = ContentView.swift; sourceTree = "<group>"; };
		92CACFD42A1B7DD100DA2B40 /* Assets.xcassets */ = {isa = PBXFileReference; lastKnownFileType = folder.assetcatalog; path = Assets.xcassets; sourceTree = "<group>"; };
		92CACFFA2A1B8F9D00DA2B40 /* ExerciseDetailsView.swift */ = {isa = PBXFileReference; lastKnownFileType = sourcecode.swift; path = ExerciseDetailsView.swift; sourceTree = "<group>"; };
		92CACFFC2A1B99A500DA2B40 /* WorkoutView.swift */ = {isa = PBXFileReference; lastKnownFileType = sourcecode.swift; path = WorkoutView.swift; sourceTree = "<group>"; };
		92F2D1FA2A1D0C8400EC1B81 /* Text2Speech.swift */ = {isa = PBXFileReference; lastKnownFileType = sourcecode.swift; path = Text2Speech.swift; sourceTree = "<group>"; };
		D06C7CD52A373CFA001B4508 /* quickpose-ios-sdk */ = {isa = PBXFileReference; lastKnownFileType = wrapper; name = "quickpose-ios-sdk"; path = "../../quickpose-ios-sdk-private/quickpose-ios-sdk"; sourceTree = "<group>"; };
/* End PBXFileReference section */

/* Begin PBXFrameworksBuildPhase section */
		92CACFCA2A1B7DD100DA2B40 /* Frameworks */ = {
			isa = PBXFrameworksBuildPhase;
			buildActionMask = 2147483647;
			files = (
				D06C7CDE2A373D18001B4508 /* QuickPoseSwiftUI in Frameworks */,
				D06C7CDC2A373D18001B4508 /* QuickPoseMP in Frameworks */,
				D06C7CD82A373D18001B4508 /* QuickPoseCamera in Frameworks */,
				920A3EF62A20B14100EC6FC9 /* PagerTabStripView in Frameworks */,
				D06C7CDA2A373D18001B4508 /* QuickPoseCore in Frameworks */,
			);
			runOnlyForDeploymentPostprocessing = 0;
		};
/* End PBXFrameworksBuildPhase section */

/* Begin PBXGroup section */
		920A3EED2A1F76D400EC6FC9 /* Workout */ = {
			isa = PBXGroup;
			children = (
				92CACFFA2A1B8F9D00DA2B40 /* ExerciseDetailsView.swift */,
				92C702F82A1BC705002ECC0B /* QuickPoseBasicView.swift */,
				92CACFFC2A1B99A500DA2B40 /* WorkoutView.swift */,
				920A3EF02A1F7C2300EC6FC9 /* WorkoutResultsView.swift */,
				924D6E272A29F90400227183 /* VolumeChangeView.swift */,
				9215905E2A2A10BF001254BC /* InstructionsView.swift */,
			);
			path = Workout;
			sourceTree = "<group>";
		};
		924D6E232A289EB600227183 /* About */ = {
			isa = PBXGroup;
			children = (
				924D6E242A289ED700227183 /* AboutView.swift */,
			);
			path = About;
			sourceTree = "<group>";
		};
		924D6E262A289F0100227183 /* History */ = {
			isa = PBXGroup;
			children = (
				927261A32A24EF0B00C3B390 /* HistoryView.swift */,
			);
			path = History;
			sourceTree = "<group>";
		};
		92CACFC42A1B7DD000DA2B40 = {
			isa = PBXGroup;
			children = (
				D06C7CD42A373CFA001B4508 /* Packages */,
				92CACFCF2A1B7DD100DA2B40 /* FitCount */,
				92CACFCE2A1B7DD100DA2B40 /* Products */,
				D06C7CD62A373D18001B4508 /* Frameworks */,
			);
			sourceTree = "<group>";
		};
		92CACFCE2A1B7DD100DA2B40 /* Products */ = {
			isa = PBXGroup;
			children = (
				92CACFCD2A1B7DD100DA2B40 /* FitCounter.app */,
			);
			name = Products;
			sourceTree = "<group>";
		};
		92CACFCF2A1B7DD100DA2B40 /* FitCount */ = {
			isa = PBXGroup;
			children = (
				92CACFD42A1B7DD100DA2B40 /* Assets.xcassets */,
				924D6E262A289F0100227183 /* History */,
				920A3EED2A1F76D400EC6FC9 /* Workout */,
				924D6E232A289EB600227183 /* About */,
				92CACFD02A1B7DD100DA2B40 /* FitCountApp.swift */,
				92CACFD22A1B7DD100DA2B40 /* ContentView.swift */,
				92F2D1FA2A1D0C8400EC1B81 /* Text2Speech.swift */,
				924D6E212A264B3600227183 /* JsonWriter.swift */,
				920A3EEB2A1F6E0E00EC6FC9 /* Timer.swift */,
			);
			path = FitCount;
			sourceTree = "<group>";
		};
		D06C7CD42A373CFA001B4508 /* Packages */ = {
			isa = PBXGroup;
			children = (
				D06C7CD52A373CFA001B4508 /* quickpose-ios-sdk */,
			);
			name = Packages;
			sourceTree = "<group>";
		};
		D06C7CD62A373D18001B4508 /* Frameworks */ = {
			isa = PBXGroup;
			children = (
			);
			name = Frameworks;
			sourceTree = "<group>";
		};
/* End PBXGroup section */

/* Begin PBXNativeTarget section */
		92CACFCC2A1B7DD100DA2B40 /* FitCounter */ = {
			isa = PBXNativeTarget;
			buildConfigurationList = 92CACFF12A1B7DD200DA2B40 /* Build configuration list for PBXNativeTarget "FitCounter" */;
			buildPhases = (
				92CACFC92A1B7DD100DA2B40 /* Sources */,
				92CACFCA2A1B7DD100DA2B40 /* Frameworks */,
				92CACFCB2A1B7DD100DA2B40 /* Resources */,
			);
			buildRules = (
			);
			dependencies = (
			);
			name = FitCounter;
			packageProductDependencies = (
				920A3EF52A20B14100EC6FC9 /* PagerTabStripView */,
				D06C7CD72A373D18001B4508 /* QuickPoseCamera */,
				D06C7CD92A373D18001B4508 /* QuickPoseCore */,
				D06C7CDB2A373D18001B4508 /* QuickPoseMP */,
				D06C7CDD2A373D18001B4508 /* QuickPoseSwiftUI */,
			);
			productName = FitCount;
			productReference = 92CACFCD2A1B7DD100DA2B40 /* FitCounter.app */;
			productType = "com.apple.product-type.application";
		};
/* End PBXNativeTarget section */

/* Begin PBXProject section */
		92CACFC52A1B7DD000DA2B40 /* Project object */ = {
			isa = PBXProject;
			attributes = {
				BuildIndependentTargetsInParallel = 1;
				LastSwiftUpdateCheck = 1430;
				LastUpgradeCheck = 1430;
				TargetAttributes = {
					92CACFCC2A1B7DD100DA2B40 = {
						CreatedOnToolsVersion = 14.3;
					};
				};
			};
			buildConfigurationList = 92CACFC82A1B7DD000DA2B40 /* Build configuration list for PBXProject "FitCounter by QuickPose.ai" */;
			compatibilityVersion = "Xcode 14.0";
			developmentRegion = en;
			hasScannedForEncodings = 0;
			knownRegions = (
				en,
				Base,
			);
			mainGroup = 92CACFC42A1B7DD000DA2B40;
			packageReferences = (
				920A3EF42A20B14000EC6FC9 /* XCRemoteSwiftPackageReference "PagerTabStripView" */,
			);
			productRefGroup = 92CACFCE2A1B7DD100DA2B40 /* Products */;
			projectDirPath = "";
			projectRoot = "";
			targets = (
				92CACFCC2A1B7DD100DA2B40 /* FitCounter */,
			);
		};
/* End PBXProject section */

/* Begin PBXResourcesBuildPhase section */
		92CACFCB2A1B7DD100DA2B40 /* Resources */ = {
			isa = PBXResourcesBuildPhase;
			buildActionMask = 2147483647;
			files = (
				92CACFD52A1B7DD100DA2B40 /* Assets.xcassets in Resources */,
			);
			runOnlyForDeploymentPostprocessing = 0;
		};
/* End PBXResourcesBuildPhase section */

/* Begin PBXSourcesBuildPhase section */
		92CACFC92A1B7DD100DA2B40 /* Sources */ = {
			isa = PBXSourcesBuildPhase;
			buildActionMask = 2147483647;
			files = (
				92CACFD32A1B7DD100DA2B40 /* ContentView.swift in Sources */,
				9215905F2A2A10BF001254BC /* InstructionsView.swift in Sources */,
				92CACFD12A1B7DD100DA2B40 /* FitCountApp.swift in Sources */,
				924D6E282A29F90400227183 /* VolumeChangeView.swift in Sources */,
				924D6E252A289ED700227183 /* AboutView.swift in Sources */,
				920A3EF12A1F7C2300EC6FC9 /* WorkoutResultsView.swift in Sources */,
				927261A42A24EF0B00C3B390 /* HistoryView.swift in Sources */,
				924D6E222A264B3600227183 /* JsonWriter.swift in Sources */,
				920A3EEC2A1F6E0E00EC6FC9 /* Timer.swift in Sources */,
				92CACFFD2A1B99A500DA2B40 /* WorkoutView.swift in Sources */,
				92F2D1FB2A1D0C8400EC1B81 /* Text2Speech.swift in Sources */,
				92CACFFB2A1B8F9D00DA2B40 /* ExerciseDetailsView.swift in Sources */,
				92C702F92A1BC705002ECC0B /* QuickPoseBasicView.swift in Sources */,
			);
			runOnlyForDeploymentPostprocessing = 0;
		};
/* End PBXSourcesBuildPhase section */

/* Begin XCBuildConfiguration section */
		92CACFEF2A1B7DD200DA2B40 /* Debug */ = {
			isa = XCBuildConfiguration;
			buildSettings = {
				ALWAYS_SEARCH_USER_PATHS = NO;
				CLANG_ANALYZER_NONNULL = YES;
				CLANG_ANALYZER_NUMBER_OBJECT_CONVERSION = YES_AGGRESSIVE;
				CLANG_CXX_LANGUAGE_STANDARD = "gnu++20";
				CLANG_ENABLE_MODULES = YES;
				CLANG_ENABLE_OBJC_ARC = YES;
				CLANG_ENABLE_OBJC_WEAK = YES;
				CLANG_WARN_BLOCK_CAPTURE_AUTORELEASING = YES;
				CLANG_WARN_BOOL_CONVERSION = YES;
				CLANG_WARN_COMMA = YES;
				CLANG_WARN_CONSTANT_CONVERSION = YES;
				CLANG_WARN_DEPRECATED_OBJC_IMPLEMENTATIONS = YES;
				CLANG_WARN_DIRECT_OBJC_ISA_USAGE = YES_ERROR;
				CLANG_WARN_DOCUMENTATION_COMMENTS = YES;
				CLANG_WARN_EMPTY_BODY = YES;
				CLANG_WARN_ENUM_CONVERSION = YES;
				CLANG_WARN_INFINITE_RECURSION = YES;
				CLANG_WARN_INT_CONVERSION = YES;
				CLANG_WARN_NON_LITERAL_NULL_CONVERSION = YES;
				CLANG_WARN_OBJC_IMPLICIT_RETAIN_SELF = YES;
				CLANG_WARN_OBJC_LITERAL_CONVERSION = YES;
				CLANG_WARN_OBJC_ROOT_CLASS = YES_ERROR;
				CLANG_WARN_QUOTED_INCLUDE_IN_FRAMEWORK_HEADER = YES;
				CLANG_WARN_RANGE_LOOP_ANALYSIS = YES;
				CLANG_WARN_STRICT_PROTOTYPES = YES;
				CLANG_WARN_SUSPICIOUS_MOVE = YES;
				CLANG_WARN_UNGUARDED_AVAILABILITY = YES_AGGRESSIVE;
				CLANG_WARN_UNREACHABLE_CODE = YES;
				CLANG_WARN__DUPLICATE_METHOD_MATCH = YES;
				COPY_PHASE_STRIP = NO;
				DEBUG_INFORMATION_FORMAT = dwarf;
				ENABLE_STRICT_OBJC_MSGSEND = YES;
				ENABLE_TESTABILITY = YES;
				GCC_C_LANGUAGE_STANDARD = gnu11;
				GCC_DYNAMIC_NO_PIC = NO;
				GCC_NO_COMMON_BLOCKS = YES;
				GCC_OPTIMIZATION_LEVEL = 0;
				GCC_PREPROCESSOR_DEFINITIONS = (
					"DEBUG=1",
					"$(inherited)",
				);
				GCC_WARN_64_TO_32_BIT_CONVERSION = YES;
				GCC_WARN_ABOUT_RETURN_TYPE = YES_ERROR;
				GCC_WARN_UNDECLARED_SELECTOR = YES;
				GCC_WARN_UNINITIALIZED_AUTOS = YES_AGGRESSIVE;
				GCC_WARN_UNUSED_FUNCTION = YES;
				GCC_WARN_UNUSED_VARIABLE = YES;
				IPHONEOS_DEPLOYMENT_TARGET = 16.4;
				MTL_ENABLE_DEBUG_INFO = INCLUDE_SOURCE;
				MTL_FAST_MATH = YES;
				ONLY_ACTIVE_ARCH = YES;
				SDKROOT = iphoneos;
				SWIFT_ACTIVE_COMPILATION_CONDITIONS = DEBUG;
				SWIFT_OPTIMIZATION_LEVEL = "-Onone";
			};
			name = Debug;
		};
		92CACFF02A1B7DD200DA2B40 /* Release */ = {
			isa = XCBuildConfiguration;
			buildSettings = {
				ALWAYS_SEARCH_USER_PATHS = NO;
				CLANG_ANALYZER_NONNULL = YES;
				CLANG_ANALYZER_NUMBER_OBJECT_CONVERSION = YES_AGGRESSIVE;
				CLANG_CXX_LANGUAGE_STANDARD = "gnu++20";
				CLANG_ENABLE_MODULES = YES;
				CLANG_ENABLE_OBJC_ARC = YES;
				CLANG_ENABLE_OBJC_WEAK = YES;
				CLANG_WARN_BLOCK_CAPTURE_AUTORELEASING = YES;
				CLANG_WARN_BOOL_CONVERSION = YES;
				CLANG_WARN_COMMA = YES;
				CLANG_WARN_CONSTANT_CONVERSION = YES;
				CLANG_WARN_DEPRECATED_OBJC_IMPLEMENTATIONS = YES;
				CLANG_WARN_DIRECT_OBJC_ISA_USAGE = YES_ERROR;
				CLANG_WARN_DOCUMENTATION_COMMENTS = YES;
				CLANG_WARN_EMPTY_BODY = YES;
				CLANG_WARN_ENUM_CONVERSION = YES;
				CLANG_WARN_INFINITE_RECURSION = YES;
				CLANG_WARN_INT_CONVERSION = YES;
				CLANG_WARN_NON_LITERAL_NULL_CONVERSION = YES;
				CLANG_WARN_OBJC_IMPLICIT_RETAIN_SELF = YES;
				CLANG_WARN_OBJC_LITERAL_CONVERSION = YES;
				CLANG_WARN_OBJC_ROOT_CLASS = YES_ERROR;
				CLANG_WARN_QUOTED_INCLUDE_IN_FRAMEWORK_HEADER = YES;
				CLANG_WARN_RANGE_LOOP_ANALYSIS = YES;
				CLANG_WARN_STRICT_PROTOTYPES = YES;
				CLANG_WARN_SUSPICIOUS_MOVE = YES;
				CLANG_WARN_UNGUARDED_AVAILABILITY = YES_AGGRESSIVE;
				CLANG_WARN_UNREACHABLE_CODE = YES;
				CLANG_WARN__DUPLICATE_METHOD_MATCH = YES;
				COPY_PHASE_STRIP = NO;
				DEBUG_INFORMATION_FORMAT = "dwarf-with-dsym";
				ENABLE_NS_ASSERTIONS = NO;
				ENABLE_STRICT_OBJC_MSGSEND = YES;
				GCC_C_LANGUAGE_STANDARD = gnu11;
				GCC_NO_COMMON_BLOCKS = YES;
				GCC_WARN_64_TO_32_BIT_CONVERSION = YES;
				GCC_WARN_ABOUT_RETURN_TYPE = YES_ERROR;
				GCC_WARN_UNDECLARED_SELECTOR = YES;
				GCC_WARN_UNINITIALIZED_AUTOS = YES_AGGRESSIVE;
				GCC_WARN_UNUSED_FUNCTION = YES;
				GCC_WARN_UNUSED_VARIABLE = YES;
				IPHONEOS_DEPLOYMENT_TARGET = 16.4;
				MTL_ENABLE_DEBUG_INFO = NO;
				MTL_FAST_MATH = YES;
				SDKROOT = iphoneos;
				SWIFT_COMPILATION_MODE = wholemodule;
				SWIFT_OPTIMIZATION_LEVEL = "-O";
				VALIDATE_PRODUCT = YES;
			};
			name = Release;
		};
		92CACFF22A1B7DD200DA2B40 /* Debug */ = {
			isa = XCBuildConfiguration;
			buildSettings = {
				ASSETCATALOG_COMPILER_APPICON_NAME = AppIcon;
				ASSETCATALOG_COMPILER_GLOBAL_ACCENT_COLOR_NAME = AccentColor;
				CODE_SIGN_STYLE = Automatic;
				CURRENT_PROJECT_VERSION = 1;
				DEVELOPMENT_TEAM = 22W63VGZT5;
				ENABLE_PREVIEWS = YES;
				GENERATE_INFOPLIST_FILE = YES;
				INFOPLIST_FILE = FitCount/Info.plist;
				INFOPLIST_KEY_NSCameraUsageDescription = "We use your camera to provide movements feedback during a workout";
				INFOPLIST_KEY_UIApplicationSceneManifest_Generation = YES;
				INFOPLIST_KEY_UIApplicationSupportsIndirectInputEvents = YES;
				INFOPLIST_KEY_UILaunchScreen_Generation = YES;
				INFOPLIST_KEY_UISupportedInterfaceOrientations = UIInterfaceOrientationPortrait;
				INFOPLIST_KEY_UISupportedInterfaceOrientations_iPad = "UIInterfaceOrientationLandscapeLeft UIInterfaceOrientationLandscapeRight UIInterfaceOrientationPortrait UIInterfaceOrientationPortraitUpsideDown";
				IPHONEOS_DEPLOYMENT_TARGET = 16.0;
				LD_RUNPATH_SEARCH_PATHS = (
					"$(inherited)",
					"@executable_path/Frameworks",
				);
				MARKETING_VERSION = 0.4;
				PRODUCT_BUNDLE_IDENTIFIER = ai.quickpose.FitCount;
				PRODUCT_NAME = "$(TARGET_NAME)";
				SUPPORTED_PLATFORMS = "iphoneos iphonesimulator";
				SUPPORTS_MACCATALYST = NO;
				SUPPORTS_MAC_DESIGNED_FOR_IPHONE_IPAD = NO;
				SWIFT_EMIT_LOC_STRINGS = YES;
				SWIFT_VERSION = 5.0;
				TARGETED_DEVICE_FAMILY = 1;
			};
			name = Debug;
		};
		92CACFF32A1B7DD200DA2B40 /* Release */ = {
			isa = XCBuildConfiguration;
			buildSettings = {
				ASSETCATALOG_COMPILER_APPICON_NAME = AppIcon;
				ASSETCATALOG_COMPILER_GLOBAL_ACCENT_COLOR_NAME = AccentColor;
				CODE_SIGN_STYLE = Automatic;
				CURRENT_PROJECT_VERSION = 1;
				DEVELOPMENT_TEAM = 22W63VGZT5;
				ENABLE_PREVIEWS = YES;
				GENERATE_INFOPLIST_FILE = YES;
				INFOPLIST_FILE = FitCount/Info.plist;
				INFOPLIST_KEY_NSCameraUsageDescription = "We use your camera to provide movements feedback during a workout";
				INFOPLIST_KEY_UIApplicationSceneManifest_Generation = YES;
				INFOPLIST_KEY_UIApplicationSupportsIndirectInputEvents = YES;
				INFOPLIST_KEY_UILaunchScreen_Generation = YES;
				INFOPLIST_KEY_UISupportedInterfaceOrientations = UIInterfaceOrientationPortrait;
				INFOPLIST_KEY_UISupportedInterfaceOrientations_iPad = "UIInterfaceOrientationLandscapeLeft UIInterfaceOrientationLandscapeRight UIInterfaceOrientationPortrait UIInterfaceOrientationPortraitUpsideDown";
				IPHONEOS_DEPLOYMENT_TARGET = 16.0;
				LD_RUNPATH_SEARCH_PATHS = (
					"$(inherited)",
					"@executable_path/Frameworks",
				);
				MARKETING_VERSION = 0.4;
				PRODUCT_BUNDLE_IDENTIFIER = ai.quickpose.FitCount;
				PRODUCT_NAME = "$(TARGET_NAME)";
				SUPPORTED_PLATFORMS = "iphoneos iphonesimulator";
				SUPPORTS_MACCATALYST = NO;
				SUPPORTS_MAC_DESIGNED_FOR_IPHONE_IPAD = NO;
				SWIFT_EMIT_LOC_STRINGS = YES;
				SWIFT_VERSION = 5.0;
				TARGETED_DEVICE_FAMILY = 1;
			};
			name = Release;
		};
/* End XCBuildConfiguration section */

/* Begin XCConfigurationList section */
		92CACFC82A1B7DD000DA2B40 /* Build configuration list for PBXProject "FitCounter by QuickPose.ai" */ = {
			isa = XCConfigurationList;
			buildConfigurations = (
				92CACFEF2A1B7DD200DA2B40 /* Debug */,
				92CACFF02A1B7DD200DA2B40 /* Release */,
			);
			defaultConfigurationIsVisible = 0;
			defaultConfigurationName = Release;
		};
		92CACFF12A1B7DD200DA2B40 /* Build configuration list for PBXNativeTarget "FitCounter" */ = {
			isa = XCConfigurationList;
			buildConfigurations = (
				92CACFF22A1B7DD200DA2B40 /* Debug */,
				92CACFF32A1B7DD200DA2B40 /* Release */,
			);
			defaultConfigurationIsVisible = 0;
			defaultConfigurationName = Release;
		};
/* End XCConfigurationList section */

/* Begin XCRemoteSwiftPackageReference section */
		920A3EF42A20B14000EC6FC9 /* XCRemoteSwiftPackageReference "PagerTabStripView" */ = {
			isa = XCRemoteSwiftPackageReference;
			repositoryURL = "https://github.com/xmartlabs/PagerTabStripView";
			requirement = {
				kind = upToNextMajorVersion;
				minimumVersion = 4.0.0;
			};
		};
/* End XCRemoteSwiftPackageReference section */

/* Begin XCSwiftPackageProductDependency section */
		920A3EF52A20B14100EC6FC9 /* PagerTabStripView */ = {
			isa = XCSwiftPackageProductDependency;
			package = 920A3EF42A20B14000EC6FC9 /* XCRemoteSwiftPackageReference "PagerTabStripView" */;
			productName = PagerTabStripView;
		};
		D06C7CD72A373D18001B4508 /* QuickPoseCamera */ = {
			isa = XCSwiftPackageProductDependency;
			productName = QuickPoseCamera;
		};
		D06C7CD92A373D18001B4508 /* QuickPoseCore */ = {
			isa = XCSwiftPackageProductDependency;
			productName = QuickPoseCore;
		};
		D06C7CDB2A373D18001B4508 /* QuickPoseMP */ = {
			isa = XCSwiftPackageProductDependency;
			productName = QuickPoseMP;
		};
		D06C7CDD2A373D18001B4508 /* QuickPoseSwiftUI */ = {
			isa = XCSwiftPackageProductDependency;
			productName = QuickPoseSwiftUI;
		};
/* End XCSwiftPackageProductDependency section */
	};
	rootObject = 92CACFC52A1B7DD000DA2B40 /* Project object */;
}
