{
  "originHash" : "a6348f1bf505e20b97d22c86bf9a17a4f4f12da47c6c23c5085928bd0b4ceb61",
  "pins" : [
    {
      "identity" : "pagertabstripview",
      "kind" : "remoteSourceControl",
      "location" : "https://github.com/xmartlabs/PagerTabStripView",
      "state" : {
        "revision" : "39ec00d2577adf75d82d1c7023c56950b96d2298",
        "version" : "4.0.0"
      }
    },
    {
      "identity" : "quickpose-ios-sdk",
      "kind" : "remoteSourceControl",
      "location" : "https://github.com/quickpose/quickpose-ios-sdk",
      "state" : {
        "revision" : "8e2b06652c28ffa17147503b580f1e9913bc10bf",
        "version" : "1.2.13"
      }
    }
  ],
  "version" : 3
}
