{
  "pins" : [
    {
      "identity" : "pagertabstripview",
      "kind" : "remoteSourceControl",
      "location" : "https://github.com/xmartlabs/PagerTabStripView",
      "state" : {
        "revision" : "39ec00d2577adf75d82d1c7023c56950b96d2298",
        "version" : "4.0.0"
      }
    },
    {
      "identity" : "quickpose-ios-sdk",
      "kind" : "remoteSourceControl",
      "location" : "https://github.com/quickpose/quickpose-ios-sdk",
      "state" : {
        "revision" : "0ffde8c71a78c2538e01a39ae938ea515a08b022",
        "version" : "1.2.4"
      }
    }
  ],
  "version" : 2
}
